
Microsoft Visual Studio Solution File, Format Version 12.00
# Visual Studio Version 16
VisualStudioVersion = 25.0.1706.1
MinimumVisualStudioVersion = 10.0.40219.1
Project("{FAE04EC0-301F-11D3-BF4B-00C04F79EFBC}") = "NZWalks.API", "NZWalks.API\NZWalks.API.csproj", "{C842ADCB-D925-4AAB-BDF1-070663DDE9B0}"
EndProject
Project("{FAE04EC0-301F-11D3-BF4B-00C04F79EFBC}") = "NZWalks.MVC", "NZWalks.MVC\NZWalks.MVC.csproj", "{6E6FA6F5-3C31-4FDD-9C80-B17DDE0D7629}"
EndProject
Global
	GlobalSection(SolutionConfigurationPlatforms) = preSolution
		Debug|Any CPU = Debug|Any CPU
		Release|Any CPU = Release|Any CPU
	EndGlobalSection
	GlobalSection(ProjectConfigurationPlatforms) = postSolution
		{C842ADCB-D925-4AAB-BDF1-070663DDE9B0}.Debug|Any CPU.ActiveCfg = Debug|Any CPU
		{C842ADCB-D925-4AAB-BDF1-070663DDE9B0}.Debug|Any CPU.Build.0 = Debug|Any CPU
		{C842ADCB-D925-4AAB-BDF1-070663DDE9B0}.Release|Any CPU.ActiveCfg = Release|Any CPU
		{C842ADCB-D925-4AAB-BDF1-070663DDE9B0}.Release|Any CPU.Build.0 = Release|Any CPU
		{6E6FA6F5-3C31-4FDD-9C80-B17DDE0D7629}.Debug|Any CPU.ActiveCfg = Debug|Any CPU
		{6E6FA6F5-3C31-4FDD-9C80-B17DDE0D7629}.Debug|Any CPU.Build.0 = Debug|Any CPU
		{6E6FA6F5-3C31-4FDD-9C80-B17DDE0D7629}.Release|Any CPU.ActiveCfg = Release|Any CPU
		{6E6FA6F5-3C31-4FDD-9C80-B17DDE0D7629}.Release|Any CPU.Build.0 = Release|Any CPU
	EndGlobalSection
	GlobalSection(SolutionProperties) = preSolution
		HideSolutionNode = FALSE
	EndGlobalSection
	GlobalSection(ExtensibilityGlobals) = postSolution
		SolutionGuid = {42D7D9DD-2F15-4938-BF44-7783E2B9B39B}
	EndGlobalSection
EndGlobal
